PODS:
  - device_info (0.0.1):
    - Flutter
  - Flutter (1.0.0)
  - flutter_ringtone_player (0.0.1):
    - Flutter
  - flutter_statusbarcolor (0.0.1):
    - Flutter
  - flutter_webrtc (0.2.2):
    - Flutter
    - GoogleWebRTC (= 1.1.31999)
    - Libyuv (= 1703)
  - GoogleWebRTC (1.1.31999)
  - Libyuv (1703)
  - path_provider (0.0.1):
    - Flutter
  - replay_kit_launcher (0.0.1):
    - Flutter
  - shared_preferences (0.0.1):
    - Flutter
  - vdotok_stream (0.0.1):
    - Flutter
  - vibration (1.7.3):
    - Flutter

DEPENDENCIES:
  - device_info (from `.symlinks/plugins/device_info/ios`)
  - Flutter (from `Flutter`)
  - flutter_ringtone_player (from `.symlinks/plugins/flutter_ringtone_player/ios`)
  - flutter_statusbarcolor (from `.symlinks/plugins/flutter_statusbarcolor/ios`)
  - flutter_webrtc (from `.symlinks/plugins/flutter_webrtc/ios`)
  - path_provider (from `.symlinks/plugins/path_provider/ios`)
  - replay_kit_launcher (from `.symlinks/plugins/replay_kit_launcher/ios`)
  - shared_preferences (from `.symlinks/plugins/shared_preferences/ios`)
  - vdotok_stream (from `.symlinks/plugins/vdotok_stream/ios`)
  - vibration (from `.symlinks/plugins/vibration/ios`)

SPEC REPOS:
  trunk:
    - GoogleWebRTC
    - Libyuv

EXTERNAL SOURCES:
  device_info:
    :path: ".symlinks/plugins/device_info/ios"
  Flutter:
    :path: Flutter
  flutter_ringtone_player:
    :path: ".symlinks/plugins/flutter_ringtone_player/ios"
  flutter_statusbarcolor:
    :path: ".symlinks/plugins/flutter_statusbarcolor/ios"
  flutter_webrtc:
    :path: ".symlinks/plugins/flutter_webrtc/ios"
  path_provider:
    :path: ".symlinks/plugins/path_provider/ios"
  replay_kit_launcher:
    :path: ".symlinks/plugins/replay_kit_launcher/ios"
  shared_preferences:
    :path: ".symlinks/plugins/shared_preferences/ios"
  vdotok_stream:
    :path: ".symlinks/plugins/vdotok_stream/ios"
  vibration:
    :path: ".symlinks/plugins/vibration/ios"

SPEC CHECKSUMS:
  device_info: d7d233b645a32c40dfdc212de5cf646ca482f175
  Flutter: 434fef37c0980e73bb6479ef766c45957d4b510c
  flutter_ringtone_player: 15eba85187230b87b2512f0e1b92225618bc03e7
  flutter_statusbarcolor: 8afb1071ed8c58be929f1e32b36c629771fd2259
  flutter_webrtc: 39898454258b54ba51996850d5da8d5d53bf1524
  GoogleWebRTC: b39a78c4f5cc6b0323415b9233db03a2faa7b0f0
  Libyuv: 5f79ced0ee66e60a612ca97de1e6ccacd187a437
  path_provider: abfe2b5c733d04e238b0d8691db0cfd63a27a93c
  replay_kit_launcher: e2b85653d7ee455d067abc1a74c4feb8574087d4
  shared_preferences: af6bfa751691cdc24be3045c43ec037377ada40d
  vdotok_stream: 744471973756a2efce891fd0c79d2fb7d068c7ef
  vibration: b5a33e764c3f609a975b9dca73dce20fdde627dc

PODFILE CHECKSUM: fe0e1ee7f3d1f7d00b11b474b62dd62134535aea

COCOAPODS: 1.10.1
