PODS:
  - connectivity_plus (0.0.1):
    - Flutter
    - Reachability
  - device_info (0.0.1):
    - Flutter
  - Flutter (1.0.0)
  - flutter_ringtone_player (0.0.1):
    - Flutter
  - flutter_statusbarcolor (0.0.1):
    - Flutter
  - Libyuv (1703)
  - MMWormhole (2.0.0):
    - MMWormhole/Core (= 2.0.0)
  - MMWormhole/Core (2.0.0)
  - path_provider (0.0.1):
    - Flutter
  - "permission_handler (5.0.1+1)":
    - Flutter
  - Reachability (3.2)
  - replay_kit_launcher (0.0.1):
    - Flutter
  - shared_preferences (0.0.1):
    - Flutter
  - vdotok_stream (0.0.1):
    - Flutter
    - Libyuv (= 1703)
    - MMWormhole
    - VdoTokStreaming
  - VdoTokStreaming (1.0.5)
  - vibration (1.7.3):
    - Flutter
  - wifi_info_flutter (0.0.1):
    - Flutter

DEPENDENCIES:
  - connectivity_plus (from `.symlinks/plugins/connectivity_plus/ios`)
  - device_info (from `.symlinks/plugins/device_info/ios`)
  - Flutter (from `Flutter`)
  - flutter_ringtone_player (from `.symlinks/plugins/flutter_ringtone_player/ios`)
  - flutter_statusbarcolor (from `.symlinks/plugins/flutter_statusbarcolor/ios`)
  - path_provider (from `.symlinks/plugins/path_provider/ios`)
  - permission_handler (from `.symlinks/plugins/permission_handler/ios`)
  - replay_kit_launcher (from `.symlinks/plugins/replay_kit_launcher/ios`)
  - shared_preferences (from `.symlinks/plugins/shared_preferences/ios`)
  - vdotok_stream (from `.symlinks/plugins/vdotok_stream/ios`)
  - vibration (from `.symlinks/plugins/vibration/ios`)
  - wifi_info_flutter (from `.symlinks/plugins/wifi_info_flutter/ios`)

SPEC REPOS:
  trunk:
    - Libyuv
    - MMWormhole
    - Reachability
    - VdoTokStreaming

EXTERNAL SOURCES:
  connectivity_plus:
    :path: ".symlinks/plugins/connectivity_plus/ios"
  device_info:
    :path: ".symlinks/plugins/device_info/ios"
  Flutter:
    :path: Flutter
  flutter_ringtone_player:
    :path: ".symlinks/plugins/flutter_ringtone_player/ios"
  flutter_statusbarcolor:
    :path: ".symlinks/plugins/flutter_statusbarcolor/ios"
  path_provider:
    :path: ".symlinks/plugins/path_provider/ios"
  permission_handler:
    :path: ".symlinks/plugins/permission_handler/ios"
  replay_kit_launcher:
    :path: ".symlinks/plugins/replay_kit_launcher/ios"
  shared_preferences:
    :path: ".symlinks/plugins/shared_preferences/ios"
  vdotok_stream:
    :path: ".symlinks/plugins/vdotok_stream/ios"
  vibration:
    :path: ".symlinks/plugins/vibration/ios"
  wifi_info_flutter:
    :path: ".symlinks/plugins/wifi_info_flutter/ios"

SPEC CHECKSUMS:
  connectivity_plus: f5e5e0b894ec1187bfab9816d6c2f034da8d46da
  device_info: d7d233b645a32c40dfdc212de5cf646ca482f175
  Flutter: 434fef37c0980e73bb6479ef766c45957d4b510c
  flutter_ringtone_player: 15eba85187230b87b2512f0e1b92225618bc03e7
  flutter_statusbarcolor: 8afb1071ed8c58be929f1e32b36c629771fd2259
  Libyuv: 5f79ced0ee66e60a612ca97de1e6ccacd187a437
  MMWormhole: 0cd3fd35a9118b2e2d762b499f54eeaace0be791
  path_provider: abfe2b5c733d04e238b0d8691db0cfd63a27a93c
  permission_handler: eac8e15b4a1a3fba55b761d19f3f4e6b005d15b6
  Reachability: 33e18b67625424e47b6cde6d202dce689ad7af96
  replay_kit_launcher: e2b85653d7ee455d067abc1a74c4feb8574087d4
  shared_preferences: af6bfa751691cdc24be3045c43ec037377ada40d
  vdotok_stream: 80373297324ed9af4297d5e2f8423a2f6ae9899e
  VdoTokStreaming: e60dc9754f80ac3a1d4529c83a739630975fb494
  vibration: b5a33e764c3f609a975b9dca73dce20fdde627dc
  wifi_info_flutter: 55d4c2469034f5b5c38063ccefa62f708a503a2b

PODFILE CHECKSUM: 1a012ce3db1c1a5aff66d98fb075c09f5165b574

COCOAPODS: 1.10.1
